
Microsoft Visual Studio Solution File, Format Version 12.00
# Visual Studio Version 17
VisualStudioVersion = 17.3.32811.315
MinimumVisualStudioVersion = 10.0.40219.1
Project("{FAE04EC0-301F-11D3-BF4B-00C04F79EFBC}") = "Goalify", "Goalify\Goalify.csproj", "{7F3E7365-41E5-475E-8556-C4B848957200}"
EndProject
Global
	GlobalSection(SolutionConfigurationPlatforms) = preSolution
		Debug|Any CPU = Debug|Any CPU
		Release|Any CPU = Release|Any CPU
	EndGlobalSection
	GlobalSection(ProjectConfigurationPlatforms) = postSolution
		{7F3E7365-41E5-475E-8556-C4B848957200}.Debug|Any CPU.ActiveCfg = Debug|Any CPU
		{7F3E7365-41E5-475E-8556-C4B848957200}.Debug|Any CPU.Build.0 = Debug|Any CPU
		{7F3E7365-41E5-475E-8556-C4B848957200}.Release|Any CPU.ActiveCfg = Release|Any CPU
		{7F3E7365-41E5-475E-8556-C4B848957200}.Release|Any CPU.Build.0 = Release|Any CPU
	EndGlobalSection
	GlobalSection(SolutionProperties) = preSolution
		HideSolutionNode = FALSE
	EndGlobalSection
	GlobalSection(ExtensibilityGlobals) = postSolution
		SolutionGuid = {C2583480-09ED-41A7-9106-07568153AA11}
	EndGlobalSection
EndGlobal
